{
    "name": "breaker",
    "lockfileVersion": 2,
    "requires": true,
    "packages": {
        "": {
            "dependencies": {
                "love-typescript-definitions": "^0.24.1"
            },
            "devDependencies": {
                "typescript-to-lua": "..."
            }
        },
        "...": {
            "dev": true
        },
        "node_modules/love-typescript-definitions": {
            "version": "0.24.1",
            "resolved": "https://registry.npmjs.org/love-typescript-definitions/-/love-typescript-definitions-0.24.1.tgz",
            "integrity": "sha512-ahUm4LZ0HIHLTRRA+XOOkAxK3o+EBAAnTF9Xoq282Tg4UnZHkkb/TaMszY5OtNTVSrE3i9QmP0fxjyAj0h1hlQ=="
        },
        "node_modules/typescript-to-lua": {
            "resolved": "...",
            "link": true
        }
    },
    "dependencies": {
        "love-typescript-definitions": {
            "version": "0.24.1",
            "resolved": "https://registry.npmjs.org/love-typescript-definitions/-/love-typescript-definitions-0.24.1.tgz",
            "integrity": "sha512-ahUm4LZ0HIHLTRRA+XOOkAxK3o+EBAAnTF9Xoq282Tg4UnZHkkb/TaMszY5OtNTVSrE3i9QmP0fxjyAj0h1hlQ=="
        },
        "typescript-to-lua": {
            "version": "file:..."
        }
    }
}
